
Microsoft Visual Studio Solution File, Format Version 12.00
# Visual Studio Version 16
VisualStudioVersion = 16.0.30804.86
MinimumVisualStudioVersion = 10.0.40219.1
Project("{FAE04EC0-301F-11D3-BF4B-00C04F79EFBC}") = "bookstoreDatabase", "bookstoreDatabase.csproj", "{BD968C8A-11ED-41DF-A96C-66B05488046A}"
EndProject
Global
	GlobalSection(SolutionConfigurationPlatforms) = preSolution
		Debug|Any CPU = Debug|Any CPU
		Release|Any CPU = Release|Any CPU
	EndGlobalSection
	GlobalSection(ProjectConfigurationPlatforms) = postSolution
		{BD968C8A-11ED-41DF-A96C-66B05488046A}.Debug|Any CPU.ActiveCfg = Debug|Any CPU
		{BD968C8A-11ED-41DF-A96C-66B05488046A}.Debug|Any CPU.Build.0 = Debug|Any CPU
		{BD968C8A-11ED-41DF-A96C-66B05488046A}.Release|Any CPU.ActiveCfg = Release|Any CPU
		{BD968C8A-11ED-41DF-A96C-66B05488046A}.Release|Any CPU.Build.0 = Release|Any CPU
	EndGlobalSection
	GlobalSection(SolutionProperties) = preSolution
		HideSolutionNode = FALSE
	EndGlobalSection
	GlobalSection(ExtensibilityGlobals) = postSolution
		SolutionGuid = {FC118BD4-A5D1-405D-81C0-CEC8D8E3350F}
	EndGlobalSection
EndGlobal
